
Microsoft Visual Studio Solution File, Format Version 12.00
# Visual Studio 15
Project("{FAE04EC0-301F-11D3-BF4B-00C04F79EFBC}") = "Assembly-CSharp", "Assembly-CSharp.csproj", "{6BD300E8-924F-AFF9-3484-42F05C02ABC0}"
EndProject
Project("{FAE04EC0-301F-11D3-BF4B-00C04F79EFBC}") = "IngameDebugConsole.Runtime", "IngameDebugConsole.Runtime.csproj", "{AA6D95FC-A2A1-9497-9BB8-9F66AD2C23ED}"
EndProject
Project("{FAE04EC0-301F-11D3-BF4B-00C04F79EFBC}") = "IngameDebugConsole.Editor", "IngameDebugConsole.Editor.csproj", "{F7407547-7349-A2CE-8E4D-6E09D381F694}"
EndProject
Global
	GlobalSection(SolutionConfigurationPlatforms) = preSolution
		Debug|Any CPU = Debug|Any CPU
		Release|Any CPU = Release|Any CPU
	EndGlobalSection
	GlobalSection(ProjectConfigurationPlatforms) = postSolution
		{6BD300E8-924F-AFF9-3484-42F05C02ABC0}.Debug|Any CPU.ActiveCfg = Debug|Any CPU
		{6BD300E8-924F-AFF9-3484-42F05C02ABC0}.Debug|Any CPU.Build.0 = Debug|Any CPU
		{6BD300E8-924F-AFF9-3484-42F05C02ABC0}.Release|Any CPU.ActiveCfg = Release|Any CPU
		{6BD300E8-924F-AFF9-3484-42F05C02ABC0}.Release|Any CPU.Build.0 = Release|Any CPU
		{AA6D95FC-A2A1-9497-9BB8-9F66AD2C23ED}.Debug|Any CPU.ActiveCfg = Debug|Any CPU
		{AA6D95FC-A2A1-9497-9BB8-9F66AD2C23ED}.Debug|Any CPU.Build.0 = Debug|Any CPU
		{AA6D95FC-A2A1-9497-9BB8-9F66AD2C23ED}.Release|Any CPU.ActiveCfg = Release|Any CPU
		{AA6D95FC-A2A1-9497-9BB8-9F66AD2C23ED}.Release|Any CPU.Build.0 = Release|Any CPU
		{F7407547-7349-A2CE-8E4D-6E09D381F694}.Debug|Any CPU.ActiveCfg = Debug|Any CPU
		{F7407547-7349-A2CE-8E4D-6E09D381F694}.Debug|Any CPU.Build.0 = Debug|Any CPU
		{F7407547-7349-A2CE-8E4D-6E09D381F694}.Release|Any CPU.ActiveCfg = Release|Any CPU
		{F7407547-7349-A2CE-8E4D-6E09D381F694}.Release|Any CPU.Build.0 = Release|Any CPU
	EndGlobalSection
	GlobalSection(SolutionProperties) = preSolution
		HideSolutionNode = FALSE
	EndGlobalSection
EndGlobal
