
Microsoft Visual Studio Solution File, Format Version 12.00
# Visual Studio 15
Project("{FAE04EC0-301F-11D3-BF4B-00C04F79EFBC}") = "Assembly-CSharp", "Assembly-CSharp.csproj", "{040B406D-B46C-D781-6817-765F6701922D}"
EndProject
Project("{FAE04EC0-301F-11D3-BF4B-00C04F79EFBC}") = "IngameDebugConsole.Runtime", "IngameDebugConsole.Runtime.csproj", "{57419D4F-C2CB-379C-E1ED-C69FBAEA78AA}"
EndProject
Project("{FAE04EC0-301F-11D3-BF4B-00C04F79EFBC}") = "Assembly-CSharp-firstpass", "Assembly-CSharp-firstpass.csproj", "{60D6E08C-8B7A-5CB9-4E23-E459FC042266}"
EndProject
Project("{FAE04EC0-301F-11D3-BF4B-00C04F79EFBC}") = "Assembly-CSharp-Editor", "Assembly-CSharp-Editor.csproj", "{5C94E411-0874-5C61-4112-FB34BC014308}"
EndProject
Project("{FAE04EC0-301F-11D3-BF4B-00C04F79EFBC}") = "IngameDebugConsole.Editor", "IngameDebugConsole.Editor.csproj", "{EE675713-FEFA-8F95-FACA-EC9212B511A5}"
EndProject
Global
	GlobalSection(SolutionConfigurationPlatforms) = preSolution
		Debug|Any CPU = Debug|Any CPU
		Release|Any CPU = Release|Any CPU
	EndGlobalSection
	GlobalSection(ProjectConfigurationPlatforms) = postSolution
		{040B406D-B46C-D781-6817-765F6701922D}.Debug|Any CPU.ActiveCfg = Debug|Any CPU
		{040B406D-B46C-D781-6817-765F6701922D}.Debug|Any CPU.Build.0 = Debug|Any CPU
		{040B406D-B46C-D781-6817-765F6701922D}.Release|Any CPU.ActiveCfg = Release|Any CPU
		{040B406D-B46C-D781-6817-765F6701922D}.Release|Any CPU.Build.0 = Release|Any CPU
		{57419D4F-C2CB-379C-E1ED-C69FBAEA78AA}.Debug|Any CPU.ActiveCfg = Debug|Any CPU
		{57419D4F-C2CB-379C-E1ED-C69FBAEA78AA}.Debug|Any CPU.Build.0 = Debug|Any CPU
		{57419D4F-C2CB-379C-E1ED-C69FBAEA78AA}.Release|Any CPU.ActiveCfg = Release|Any CPU
		{57419D4F-C2CB-379C-E1ED-C69FBAEA78AA}.Release|Any CPU.Build.0 = Release|Any CPU
		{60D6E08C-8B7A-5CB9-4E23-E459FC042266}.Debug|Any CPU.ActiveCfg = Debug|Any CPU
		{60D6E08C-8B7A-5CB9-4E23-E459FC042266}.Debug|Any CPU.Build.0 = Debug|Any CPU
		{60D6E08C-8B7A-5CB9-4E23-E459FC042266}.Release|Any CPU.ActiveCfg = Release|Any CPU
		{60D6E08C-8B7A-5CB9-4E23-E459FC042266}.Release|Any CPU.Build.0 = Release|Any CPU
		{5C94E411-0874-5C61-4112-FB34BC014308}.Debug|Any CPU.ActiveCfg = Debug|Any CPU
		{5C94E411-0874-5C61-4112-FB34BC014308}.Debug|Any CPU.Build.0 = Debug|Any CPU
		{5C94E411-0874-5C61-4112-FB34BC014308}.Release|Any CPU.ActiveCfg = Release|Any CPU
		{5C94E411-0874-5C61-4112-FB34BC014308}.Release|Any CPU.Build.0 = Release|Any CPU
		{EE675713-FEFA-8F95-FACA-EC9212B511A5}.Debug|Any CPU.ActiveCfg = Debug|Any CPU
		{EE675713-FEFA-8F95-FACA-EC9212B511A5}.Debug|Any CPU.Build.0 = Debug|Any CPU
		{EE675713-FEFA-8F95-FACA-EC9212B511A5}.Release|Any CPU.ActiveCfg = Release|Any CPU
		{EE675713-FEFA-8F95-FACA-EC9212B511A5}.Release|Any CPU.Build.0 = Release|Any CPU
	EndGlobalSection
	GlobalSection(SolutionProperties) = preSolution
		HideSolutionNode = FALSE
	EndGlobalSection
EndGlobal
